
Microsoft Visual Studio Solution File, Format Version 12.00
# Visual Studio Version 17
VisualStudioVersion = 17.5.33424.131
MinimumVisualStudioVersion = 10.0.40219.1
Project("{FAE04EC0-301F-11D3-BF4B-00C04F79EFBC}") = "LabEx1", "LabEx1\LabEx1.csproj", "{616C62BF-7AA2-4A32-8A6F-5206C1FE0D1E}"
EndProject
Global
	GlobalSection(SolutionConfigurationPlatforms) = preSolution
		Debug|Any CPU = Debug|Any CPU
		Release|Any CPU = Release|Any CPU
	EndGlobalSection
	GlobalSection(ProjectConfigurationPlatforms) = postSolution
		{616C62BF-7AA2-4A32-8A6F-5206C1FE0D1E}.Debug|Any CPU.ActiveCfg = Debug|Any CPU
		{616C62BF-7AA2-4A32-8A6F-5206C1FE0D1E}.Debug|Any CPU.Build.0 = Debug|Any CPU
		{616C62BF-7AA2-4A32-8A6F-5206C1FE0D1E}.Release|Any CPU.ActiveCfg = Release|Any CPU
		{616C62BF-7AA2-4A32-8A6F-5206C1FE0D1E}.Release|Any CPU.Build.0 = Release|Any CPU
	EndGlobalSection
	GlobalSection(SolutionProperties) = preSolution
		HideSolutionNode = FALSE
	EndGlobalSection
	GlobalSection(ExtensibilityGlobals) = postSolution
		SolutionGuid = {C8EBF22A-D0E4-4CE5-9630-438541CBBACD}
	EndGlobalSection
EndGlobal
